<?xml version="1.0" encoding="utf-8"?>
<Project ToolsVersion="4.0" xmlns="http://schemas.microsoft.com/developer/msbuild/2003">
  <ItemGroup>
    <Filter Include="Source Files">
      <UniqueIdentifier>{4FC737F1-C7A5-4376-A066-2A32D752A2FF}</UniqueIdentifier>
      <Extensions>cpp;c;cc;cxx;def;odl;idl;hpj;bat;asm;asmx</Extensions>
    </Filter>
    <Filter Include="Header Files">
      <UniqueIdentifier>{93995380-89BD-4b04-88EB-625FBE52EBFB}</UniqueIdentifier>
      <Extensions>h;hh;hpp;hxx;hm;inl;inc;ipp;xsd</Extensions>
    </Filter>
    <Filter Include="Resource Files">
      <UniqueIdentifier>{67DA6AB6-F800-4c08-8B7A-83BB121AAD01}</UniqueIdentifier>
      <Extensions>rc;ico;cur;bmp;dlg;rc2;rct;bin;rgs;gif;jpg;jpeg;jpe;resx;tiff;tif;png;wav;mfcribbon-ms</Extensions>
    </Filter>
    <Filter Include="Source Files\IL">
      <UniqueIdentifier>{624822b5-edc8-4fa8-8f58-e214fd2a2664}</UniqueIdentifier>
    </Filter>
    <Filter Include="Header Files\IL">
      <UniqueIdentifier>{f47e84c3-2f68-4ec6-9585-ccd19705ef61}</UniqueIdentifier>
    </Filter>
  </ItemGroup>
  <ItemGroup>
    <ClInclude Include="..\src\CompileContext.h">
      <Filter>Header Files</Filter>
    </ClInclude>
    <ClInclude Include="..\src\Cursor.h">
      <Filter>Header Files</Filter>
    </ClInclude>
    <ClInclude Include="..\src\Declaration.h">
      <Filter>Header Files</Filter>
    </ClInclude>
    <ClInclude Include="..\src\Error.h">
      <Filter>Header Files</Filter>
    </ClInclude>
    <ClInclude Include="..\src\Expression.h">
      <Filter>Header Files</Filter>
    </ClInclude>
    <ClInclude Include="..\src\Operand.h">
      <Filter>Header Files</Filter>
    </ClInclude>
    <ClInclude Include="..\src\PredefinedTypes.h">
      <Filter>Header Files</Filter>
    </ClInclude>
    <ClInclude Include="..\src\Source.h">
      <Filter>Header Files</Filter>
    </ClInclude>
    <ClInclude Include="..\src\Type.h">
      <Filter>Header Files</Filter>
    </ClInclude>
    <ClInclude Include="..\src\StackManager.h">
      <Filter>Header Files</Filter>
    </ClInclude>
    <ClInclude Include="..\src\Utilities.h">
      <Filter>Header Files</Filter>
    </ClInclude>
    <ClInclude Include="..\src\IL\IL.h">
      <Filter>Header Files\IL</Filter>
    </ClInclude>
  </ItemGroup>
  <ItemGroup>
    <ClCompile Include="..\src\Declaration.cpp">
      <Filter>Source Files</Filter>
    </ClCompile>
    <ClCompile Include="..\src\DeclarationCompile.cpp">
      <Filter>Source Files</Filter>
    </ClCompile>
    <ClCompile Include="..\src\DeclarationParse.cpp">
      <Filter>Source Files</Filter>
    </ClCompile>
    <ClCompile Include="..\src\Error.cpp">
      <Filter>Source Files</Filter>
    </ClCompile>
    <ClCompile Include="..\src\Expression.cpp">
      <Filter>Source Files</Filter>
    </ClCompile>
    <ClCompile Include="..\src\Operand.cpp">
      <Filter>Source Files</Filter>
    </ClCompile>
    <ClCompile Include="..\src\PredefinedTypes.cpp">
      <Filter>Source Files</Filter>
    </ClCompile>
    <ClCompile Include="..\src\Program.cpp">
      <Filter>Source Files</Filter>
    </ClCompile>
    <ClCompile Include="..\src\Source.cpp">
      <Filter>Source Files</Filter>
    </ClCompile>
    <ClCompile Include="..\src\Type.cpp">
      <Filter>Source Files</Filter>
    </ClCompile>
    <ClCompile Include="..\src\TypeCompile.cpp">
      <Filter>Source Files</Filter>
    </ClCompile>
    <ClCompile Include="..\src\StackManager.cpp">
      <Filter>Source Files</Filter>
    </ClCompile>
    <ClCompile Include="..\src\Utilities.cpp">
      <Filter>Source Files</Filter>
    </ClCompile>
    <ClCompile Include="..\src\IL\IL.cpp">
      <Filter>Source Files\IL</Filter>
    </ClCompile>
    <ClCompile Include="..\src\IL\ILBuilder.cpp">
      <Filter>Source Files\IL</Filter>
    </ClCompile>
    <ClCompile Include="..\src\IL\ILEvaluator.cpp">
      <Filter>Source Files\IL</Filter>
    </ClCompile>
  </ItemGroup>
</Project>